
Microsoft Visual Studio Solution File, Format Version 12.00
# Visual Studio Version 16
VisualStudioVersion = 16.0.31624.102
MinimumVisualStudioVersion = 10.0.40219.1
Project("{FAE04EC0-301F-11D3-BF4B-00C04F79EFBC}") = "FilmTickets", "FilmTickets\FilmTickets.csproj", "{53636F8F-3D29-4405-AEB8-6C78EA7DAC6A}"
EndProject
Global
	GlobalSection(SolutionConfigurationPlatforms) = preSolution
		Debug|Any CPU = Debug|Any CPU
		Release|Any CPU = Release|Any CPU
	EndGlobalSection
	GlobalSection(ProjectConfigurationPlatforms) = postSolution
		{53636F8F-3D29-4405-AEB8-6C78EA7DAC6A}.Debug|Any CPU.ActiveCfg = Debug|Any CPU
		{53636F8F-3D29-4405-AEB8-6C78EA7DAC6A}.Debug|Any CPU.Build.0 = Debug|Any CPU
		{53636F8F-3D29-4405-AEB8-6C78EA7DAC6A}.Release|Any CPU.ActiveCfg = Release|Any CPU
		{53636F8F-3D29-4405-AEB8-6C78EA7DAC6A}.Release|Any CPU.Build.0 = Release|Any CPU
	EndGlobalSection
	GlobalSection(SolutionProperties) = preSolution
		HideSolutionNode = FALSE
	EndGlobalSection
	GlobalSection(ExtensibilityGlobals) = postSolution
		SolutionGuid = {23829E00-5F40-4F4A-90CB-2F1D210B123D}
	EndGlobalSection
EndGlobal
